
Microsoft Visual Studio Solution File, Format Version 12.00
# Visual Studio 15
VisualStudioVersion = 15.0.28307.1585
MinimumVisualStudioVersion = 10.0.40219.1
Project("{FAE04EC0-301F-11D3-BF4B-00C04F79EFBC}") = "WebViewDemoApp", "WebViewDemoApp\WebViewDemoApp.csproj", "{CA25FE8C-6A8C-4EFA-AF77-CC951286447F}"
EndProject
Global
	GlobalSection(SolutionConfigurationPlatforms) = preSolution
		Debug|Any CPU = Debug|Any CPU
		Release|Any CPU = Release|Any CPU
	EndGlobalSection
	GlobalSection(ProjectConfigurationPlatforms) = postSolution
		{CA25FE8C-6A8C-4EFA-AF77-CC951286447F}.Debug|Any CPU.ActiveCfg = Debug|Any CPU
		{CA25FE8C-6A8C-4EFA-AF77-CC951286447F}.Debug|Any CPU.Build.0 = Debug|Any CPU
		{CA25FE8C-6A8C-4EFA-AF77-CC951286447F}.Release|Any CPU.ActiveCfg = Release|Any CPU
		{CA25FE8C-6A8C-4EFA-AF77-CC951286447F}.Release|Any CPU.Build.0 = Release|Any CPU
	EndGlobalSection
	GlobalSection(SolutionProperties) = preSolution
		HideSolutionNode = FALSE
	EndGlobalSection
	GlobalSection(ExtensibilityGlobals) = postSolution
		SolutionGuid = {A3A940B7-D55D-4E58-B3B2-A3DFA7519892}
	EndGlobalSection
EndGlobal
